
Microsoft Visual Studio Solution File, Format Version 12.00
# Visual Studio Version 17
VisualStudioVersion = 17.6.33829.357
MinimumVisualStudioVersion = 10.0.40219.1
Project("{FAE04EC0-301F-11D3-BF4B-00C04F79EFBC}") = "ChaosGame", "ChaosGame.csproj", "{87581EF1-B4C8-44D6-92C6-869AA5F3C66D}"
EndProject
Global
	GlobalSection(SolutionConfigurationPlatforms) = preSolution
		Debug|Any CPU = Debug|Any CPU
		Release|Any CPU = Release|Any CPU
	EndGlobalSection
	GlobalSection(ProjectConfigurationPlatforms) = postSolution
		{87581EF1-B4C8-44D6-92C6-869AA5F3C66D}.Debug|Any CPU.ActiveCfg = Debug|Any CPU
		{87581EF1-B4C8-44D6-92C6-869AA5F3C66D}.Debug|Any CPU.Build.0 = Debug|Any CPU
		{87581EF1-B4C8-44D6-92C6-869AA5F3C66D}.Release|Any CPU.ActiveCfg = Release|Any CPU
		{87581EF1-B4C8-44D6-92C6-869AA5F3C66D}.Release|Any CPU.Build.0 = Release|Any CPU
	EndGlobalSection
	GlobalSection(SolutionProperties) = preSolution
		HideSolutionNode = FALSE
	EndGlobalSection
	GlobalSection(ExtensibilityGlobals) = postSolution
		SolutionGuid = {D829229D-3228-404C-952A-EFFD77C12527}
	EndGlobalSection
EndGlobal
